
Microsoft Visual Studio Solution File, Format Version 12.00
# Visual Studio Version 16
VisualStudioVersion = 16.0.33214.272
MinimumVisualStudioVersion = 10.0.40219.1
Project("{FAE04EC0-301F-11D3-BF4B-00C04F79EFBC}") = "ProyectoInterfaces", "ProyectoInterfaces\ProyectoInterfaces.csproj", "{630A56B0-2766-4A57-ADB8-CE684DCD4D2B}"
EndProject
Global
	GlobalSection(SolutionConfigurationPlatforms) = preSolution
		Debug|Any CPU = Debug|Any CPU
		Release|Any CPU = Release|Any CPU
	EndGlobalSection
	GlobalSection(ProjectConfigurationPlatforms) = postSolution
		{630A56B0-2766-4A57-ADB8-CE684DCD4D2B}.Debug|Any CPU.ActiveCfg = Debug|Any CPU
		{630A56B0-2766-4A57-ADB8-CE684DCD4D2B}.Debug|Any CPU.Build.0 = Debug|Any CPU
		{630A56B0-2766-4A57-ADB8-CE684DCD4D2B}.Release|Any CPU.ActiveCfg = Release|Any CPU
		{630A56B0-2766-4A57-ADB8-CE684DCD4D2B}.Release|Any CPU.Build.0 = Release|Any CPU
	EndGlobalSection
	GlobalSection(SolutionProperties) = preSolution
		HideSolutionNode = FALSE
	EndGlobalSection
	GlobalSection(ExtensibilityGlobals) = postSolution
		SolutionGuid = {8F2955D7-6EC9-416E-AB8C-2CC0653A22D5}
	EndGlobalSection
EndGlobal
